
Microsoft Visual Studio Solution File, Format Version 12.00
# Visual Studio Version 16
VisualStudioVersion = 16.0.810.3
MinimumVisualStudioVersion = 10.0.40219.1
Project("{FAE04EC0-301F-11D3-BF4B-00C04F79EFBC}") = "BoutiqueApi", "BoutiqueApi\BoutiqueApi.csproj", "{58C200ED-2D49-4E3B-B159-CAD7F5DDD118}"
EndProject
Global
	GlobalSection(SolutionConfigurationPlatforms) = preSolution
		Debug|Any CPU = Debug|Any CPU
		Release|Any CPU = Release|Any CPU
	EndGlobalSection
	GlobalSection(ProjectConfigurationPlatforms) = postSolution
		{58C200ED-2D49-4E3B-B159-CAD7F5DDD118}.Debug|Any CPU.ActiveCfg = Debug|Any CPU
		{58C200ED-2D49-4E3B-B159-CAD7F5DDD118}.Debug|Any CPU.Build.0 = Debug|Any CPU
		{58C200ED-2D49-4E3B-B159-CAD7F5DDD118}.Release|Any CPU.ActiveCfg = Release|Any CPU
		{58C200ED-2D49-4E3B-B159-CAD7F5DDD118}.Release|Any CPU.Build.0 = Release|Any CPU
	EndGlobalSection
	GlobalSection(SolutionProperties) = preSolution
		HideSolutionNode = FALSE
	EndGlobalSection
	GlobalSection(ExtensibilityGlobals) = postSolution
		SolutionGuid = {1CEC2726-574A-41EA-B655-3C8BCCA29D1D}
	EndGlobalSection
EndGlobal
